
Microsoft Visual Studio Solution File, Format Version 12.00
# Visual Studio 2013
VisualStudioVersion = 12.0.31101.0
MinimumVisualStudioVersion = 10.0.40219.1
Project("{FAE04EC0-301F-11D3-BF4B-00C04F79EFBC}") = "MyFirstWebApp", "MyFirstWebApp\MyFirstWebApp.csproj", "{FC2B50E9-FA3E-4CE6-80B0-0D0ACACEFA89}"
EndProject
Project("{FAE04EC0-301F-11D3-BF4B-00C04F79EFBC}") = "MyFirstChallenge", "WebApplication1\MyFirstChallenge.csproj", "{8E3B2C06-D10F-4B39-9E74-E2D0299B38C7}"
EndProject
Project("{FAE04EC0-301F-11D3-BF4B-00C04F79EFBC}") = "CS-006", "CS-006\CS-006.csproj", "{9F1F04E7-7985-4678-804F-7330F9A18716}"
EndProject
Project("{FAE04EC0-301F-11D3-BF4B-00C04F79EFBC}") = "CS-008", "CS-008\CS-008.csproj", "{D8C0CB51-D6ED-4D15-8958-E34C27462142}"
EndProject
Project("{FAE04EC0-301F-11D3-BF4B-00C04F79EFBC}") = "SimpleCalculator", "SimpleCalculator\SimpleCalculator.csproj", "{F6E3C82B-80D2-4ED4-B3A3-6883CC3E6FD0}"
EndProject
Project("{FAE04EC0-301F-11D3-BF4B-00C04F79EFBC}") = "CS-011", "CS-011\CS-011.csproj", "{CA243803-FEA0-4190-B94F-E4E4799C6156}"
EndProject
Project("{FAE04EC0-301F-11D3-BF4B-00C04F79EFBC}") = "CS-012", "CS-012\CS-012.csproj", "{B68C096A-FA30-470A-8ED4-38651AE4A102}"
EndProject
Project("{FAE04EC0-301F-11D3-BF4B-00C04F79EFBC}") = "RadioButtonChallenge", "RadioButtonChallenge\RadioButtonChallenge.csproj", "{A6963291-9C8B-4D8A-ABE2-E93EF4469138}"
EndProject
Project("{FAE04EC0-301F-11D3-BF4B-00C04F79EFBC}") = "CS-013", "CS-013\CS-013.csproj", "{BB245767-79F6-4D87-A7E9-AECBBC3E1D2F}"
EndProject
Project("{FAE04EC0-301F-11D3-BF4B-00C04F79EFBC}") = "PapaBobsChallenge", "PapaBobsChallenge\PapaBobsChallenge.csproj", "{C9B6E391-DE68-4360-B3C5-3AE6B7FC4510}"
EndProject
Project("{FAE04EC0-301F-11D3-BF4B-00C04F79EFBC}") = "CS-014", "CS-014\CS-014.csproj", "{79C6B8C6-D03D-40A1-977B-D7A1E670ABC0}"
EndProject
Project("{FAE04EC0-301F-11D3-BF4B-00C04F79EFBC}") = "CS-015", "CS-015\CS-015.csproj", "{922C66D0-4100-46A1-BC69-5AADD8A3B635}"
EndProject
Project("{FAE04EC0-301F-11D3-BF4B-00C04F79EFBC}") = "CS-ASP_016", "CS-ASP_016\CS-ASP_016.csproj", "{90172995-BCCF-4093-8689-38BA90C4484F}"
EndProject
Project("{FAE04EC0-301F-11D3-BF4B-00C04F79EFBC}") = "DaysBetweenDates", "DaysBetweenDates\DaysBetweenDates.csproj", "{B9409C8B-164A-4EBF-8754-13761C681FFB}"
EndProject
Project("{FAE04EC0-301F-11D3-BF4B-00C04F79EFBC}") = "CS-ASP_017", "CS-ASP_017\CS-ASP_017.csproj", "{53E20A51-453D-493E-9CB4-0E53550A8228}"
EndProject
Project("{FAE04EC0-301F-11D3-BF4B-00C04F79EFBC}") = "CS-ASP_018", "CS-ASP_018\CS-ASP_018.csproj", "{E995BEDF-24BD-46BA-8176-FE019EF56638}"
EndProject
Project("{FAE04EC0-301F-11D3-BF4B-00C04F79EFBC}") = "CS-ASP_019", "CS-ASP_019\CS-ASP_019.csproj", "{89747863-E4FB-4019-BE5C-C23A85F564E7}"
EndProject
Project("{FAE04EC0-301F-11D3-BF4B-00C04F79EFBC}") = "EpicSpiesAssignment", "EpicSpiesAssignment\EpicSpiesAssignment.csproj", "{5E2991A1-F074-43E2-A8DC-DA3451F53B03}"
EndProject
Global
	GlobalSection(SolutionConfigurationPlatforms) = preSolution
		Debug|Any CPU = Debug|Any CPU
		Release|Any CPU = Release|Any CPU
	EndGlobalSection
	GlobalSection(ProjectConfigurationPlatforms) = postSolution
		{FC2B50E9-FA3E-4CE6-80B0-0D0ACACEFA89}.Debug|Any CPU.ActiveCfg = Debug|Any CPU
		{FC2B50E9-FA3E-4CE6-80B0-0D0ACACEFA89}.Debug|Any CPU.Build.0 = Debug|Any CPU
		{FC2B50E9-FA3E-4CE6-80B0-0D0ACACEFA89}.Release|Any CPU.ActiveCfg = Release|Any CPU
		{FC2B50E9-FA3E-4CE6-80B0-0D0ACACEFA89}.Release|Any CPU.Build.0 = Release|Any CPU
		{8E3B2C06-D10F-4B39-9E74-E2D0299B38C7}.Debug|Any CPU.ActiveCfg = Debug|Any CPU
		{8E3B2C06-D10F-4B39-9E74-E2D0299B38C7}.Debug|Any CPU.Build.0 = Debug|Any CPU
		{8E3B2C06-D10F-4B39-9E74-E2D0299B38C7}.Release|Any CPU.ActiveCfg = Release|Any CPU
		{8E3B2C06-D10F-4B39-9E74-E2D0299B38C7}.Release|Any CPU.Build.0 = Release|Any CPU
		{9F1F04E7-7985-4678-804F-7330F9A18716}.Debug|Any CPU.ActiveCfg = Debug|Any CPU
		{9F1F04E7-7985-4678-804F-7330F9A18716}.Debug|Any CPU.Build.0 = Debug|Any CPU
		{9F1F04E7-7985-4678-804F-7330F9A18716}.Release|Any CPU.ActiveCfg = Release|Any CPU
		{9F1F04E7-7985-4678-804F-7330F9A18716}.Release|Any CPU.Build.0 = Release|Any CPU
		{D8C0CB51-D6ED-4D15-8958-E34C27462142}.Debug|Any CPU.ActiveCfg = Debug|Any CPU
		{D8C0CB51-D6ED-4D15-8958-E34C27462142}.Debug|Any CPU.Build.0 = Debug|Any CPU
		{D8C0CB51-D6ED-4D15-8958-E34C27462142}.Release|Any CPU.ActiveCfg = Release|Any CPU
		{D8C0CB51-D6ED-4D15-8958-E34C27462142}.Release|Any CPU.Build.0 = Release|Any CPU
		{F6E3C82B-80D2-4ED4-B3A3-6883CC3E6FD0}.Debug|Any CPU.ActiveCfg = Debug|Any CPU
		{F6E3C82B-80D2-4ED4-B3A3-6883CC3E6FD0}.Debug|Any CPU.Build.0 = Debug|Any CPU
		{F6E3C82B-80D2-4ED4-B3A3-6883CC3E6FD0}.Release|Any CPU.ActiveCfg = Release|Any CPU
		{F6E3C82B-80D2-4ED4-B3A3-6883CC3E6FD0}.Release|Any CPU.Build.0 = Release|Any CPU
		{CA243803-FEA0-4190-B94F-E4E4799C6156}.Debug|Any CPU.ActiveCfg = Debug|Any CPU
		{CA243803-FEA0-4190-B94F-E4E4799C6156}.Debug|Any CPU.Build.0 = Debug|Any CPU
		{CA243803-FEA0-4190-B94F-E4E4799C6156}.Release|Any CPU.ActiveCfg = Release|Any CPU
		{CA243803-FEA0-4190-B94F-E4E4799C6156}.Release|Any CPU.Build.0 = Release|Any CPU
		{B68C096A-FA30-470A-8ED4-38651AE4A102}.Debug|Any CPU.ActiveCfg = Debug|Any CPU
		{B68C096A-FA30-470A-8ED4-38651AE4A102}.Debug|Any CPU.Build.0 = Debug|Any CPU
		{B68C096A-FA30-470A-8ED4-38651AE4A102}.Release|Any CPU.ActiveCfg = Release|Any CPU
		{B68C096A-FA30-470A-8ED4-38651AE4A102}.Release|Any CPU.Build.0 = Release|Any CPU
		{A6963291-9C8B-4D8A-ABE2-E93EF4469138}.Debug|Any CPU.ActiveCfg = Debug|Any CPU
		{A6963291-9C8B-4D8A-ABE2-E93EF4469138}.Debug|Any CPU.Build.0 = Debug|Any CPU
		{A6963291-9C8B-4D8A-ABE2-E93EF4469138}.Release|Any CPU.ActiveCfg = Release|Any CPU
		{A6963291-9C8B-4D8A-ABE2-E93EF4469138}.Release|Any CPU.Build.0 = Release|Any CPU
		{BB245767-79F6-4D87-A7E9-AECBBC3E1D2F}.Debug|Any CPU.ActiveCfg = Debug|Any CPU
		{BB245767-79F6-4D87-A7E9-AECBBC3E1D2F}.Debug|Any CPU.Build.0 = Debug|Any CPU
		{BB245767-79F6-4D87-A7E9-AECBBC3E1D2F}.Release|Any CPU.ActiveCfg = Release|Any CPU
		{BB245767-79F6-4D87-A7E9-AECBBC3E1D2F}.Release|Any CPU.Build.0 = Release|Any CPU
		{C9B6E391-DE68-4360-B3C5-3AE6B7FC4510}.Debug|Any CPU.ActiveCfg = Debug|Any CPU
		{C9B6E391-DE68-4360-B3C5-3AE6B7FC4510}.Debug|Any CPU.Build.0 = Debug|Any CPU
		{C9B6E391-DE68-4360-B3C5-3AE6B7FC4510}.Release|Any CPU.ActiveCfg = Release|Any CPU
		{C9B6E391-DE68-4360-B3C5-3AE6B7FC4510}.Release|Any CPU.Build.0 = Release|Any CPU
		{79C6B8C6-D03D-40A1-977B-D7A1E670ABC0}.Debug|Any CPU.ActiveCfg = Debug|Any CPU
		{79C6B8C6-D03D-40A1-977B-D7A1E670ABC0}.Debug|Any CPU.Build.0 = Debug|Any CPU
		{79C6B8C6-D03D-40A1-977B-D7A1E670ABC0}.Release|Any CPU.ActiveCfg = Release|Any CPU
		{79C6B8C6-D03D-40A1-977B-D7A1E670ABC0}.Release|Any CPU.Build.0 = Release|Any CPU
		{922C66D0-4100-46A1-BC69-5AADD8A3B635}.Debug|Any CPU.ActiveCfg = Debug|Any CPU
		{922C66D0-4100-46A1-BC69-5AADD8A3B635}.Debug|Any CPU.Build.0 = Debug|Any CPU
		{922C66D0-4100-46A1-BC69-5AADD8A3B635}.Release|Any CPU.ActiveCfg = Release|Any CPU
		{922C66D0-4100-46A1-BC69-5AADD8A3B635}.Release|Any CPU.Build.0 = Release|Any CPU
		{90172995-BCCF-4093-8689-38BA90C4484F}.Debug|Any CPU.ActiveCfg = Debug|Any CPU
		{90172995-BCCF-4093-8689-38BA90C4484F}.Debug|Any CPU.Build.0 = Debug|Any CPU
		{90172995-BCCF-4093-8689-38BA90C4484F}.Release|Any CPU.ActiveCfg = Release|Any CPU
		{90172995-BCCF-4093-8689-38BA90C4484F}.Release|Any CPU.Build.0 = Release|Any CPU
		{B9409C8B-164A-4EBF-8754-13761C681FFB}.Debug|Any CPU.ActiveCfg = Debug|Any CPU
		{B9409C8B-164A-4EBF-8754-13761C681FFB}.Debug|Any CPU.Build.0 = Debug|Any CPU
		{B9409C8B-164A-4EBF-8754-13761C681FFB}.Release|Any CPU.ActiveCfg = Release|Any CPU
		{B9409C8B-164A-4EBF-8754-13761C681FFB}.Release|Any CPU.Build.0 = Release|Any CPU
		{53E20A51-453D-493E-9CB4-0E53550A8228}.Debug|Any CPU.ActiveCfg = Debug|Any CPU
		{53E20A51-453D-493E-9CB4-0E53550A8228}.Debug|Any CPU.Build.0 = Debug|Any CPU
		{53E20A51-453D-493E-9CB4-0E53550A8228}.Release|Any CPU.ActiveCfg = Release|Any CPU
		{53E20A51-453D-493E-9CB4-0E53550A8228}.Release|Any CPU.Build.0 = Release|Any CPU
		{E995BEDF-24BD-46BA-8176-FE019EF56638}.Debug|Any CPU.ActiveCfg = Debug|Any CPU
		{E995BEDF-24BD-46BA-8176-FE019EF56638}.Debug|Any CPU.Build.0 = Debug|Any CPU
		{E995BEDF-24BD-46BA-8176-FE019EF56638}.Release|Any CPU.ActiveCfg = Release|Any CPU
		{E995BEDF-24BD-46BA-8176-FE019EF56638}.Release|Any CPU.Build.0 = Release|Any CPU
		{89747863-E4FB-4019-BE5C-C23A85F564E7}.Debug|Any CPU.ActiveCfg = Debug|Any CPU
		{89747863-E4FB-4019-BE5C-C23A85F564E7}.Debug|Any CPU.Build.0 = Debug|Any CPU
		{89747863-E4FB-4019-BE5C-C23A85F564E7}.Release|Any CPU.ActiveCfg = Release|Any CPU
		{89747863-E4FB-4019-BE5C-C23A85F564E7}.Release|Any CPU.Build.0 = Release|Any CPU
		{5E2991A1-F074-43E2-A8DC-DA3451F53B03}.Debug|Any CPU.ActiveCfg = Debug|Any CPU
		{5E2991A1-F074-43E2-A8DC-DA3451F53B03}.Debug|Any CPU.Build.0 = Debug|Any CPU
		{5E2991A1-F074-43E2-A8DC-DA3451F53B03}.Release|Any CPU.ActiveCfg = Release|Any CPU
		{5E2991A1-F074-43E2-A8DC-DA3451F53B03}.Release|Any CPU.Build.0 = Release|Any CPU
	EndGlobalSection
	GlobalSection(SolutionProperties) = preSolution
		HideSolutionNode = FALSE
	EndGlobalSection
EndGlobal
